
Microsoft Visual Studio Solution File, Format Version 12.00
# Visual Studio Version 17
VisualStudioVersion = 17.11.35219.272
MinimumVisualStudioVersion = 10.0.40219.1
Project("{FAE04EC0-301F-11D3-BF4B-00C04F79EFBC}") = "3. scene2-time", "3. scene2-time.csproj", "{9278B27A-6CE9-43EF-9FF1-5B596E83C0EA}"
EndProject
Global
	GlobalSection(SolutionConfigurationPlatforms) = preSolution
		Debug|Any CPU = Debug|Any CPU
		Release|Any CPU = Release|Any CPU
	EndGlobalSection
	GlobalSection(ProjectConfigurationPlatforms) = postSolution
		{9278B27A-6CE9-43EF-9FF1-5B596E83C0EA}.Debug|Any CPU.ActiveCfg = Debug|Any CPU
		{9278B27A-6CE9-43EF-9FF1-5B596E83C0EA}.Debug|Any CPU.Build.0 = Debug|Any CPU
		{9278B27A-6CE9-43EF-9FF1-5B596E83C0EA}.Release|Any CPU.ActiveCfg = Release|Any CPU
		{9278B27A-6CE9-43EF-9FF1-5B596E83C0EA}.Release|Any CPU.Build.0 = Release|Any CPU
	EndGlobalSection
	GlobalSection(SolutionProperties) = preSolution
		HideSolutionNode = FALSE
	EndGlobalSection
	GlobalSection(ExtensibilityGlobals) = postSolution
		SolutionGuid = {ADFB1CF7-421A-46A9-9952-CF61763381B7}
	EndGlobalSection
EndGlobal
