
Microsoft Visual Studio Solution File, Format Version 12.00
# Visual Studio Version 17
VisualStudioVersion = 17.11.35219.272
MinimumVisualStudioVersion = 10.0.40219.1
Project("{FAE04EC0-301F-11D3-BF4B-00C04F79EFBC}") = "1. exmaple", "1. exmaple.csproj", "{8C279CBF-26F8-49C3-8E05-9234E2795FCE}"
EndProject
Global
	GlobalSection(SolutionConfigurationPlatforms) = preSolution
		Debug|Any CPU = Debug|Any CPU
		Release|Any CPU = Release|Any CPU
	EndGlobalSection
	GlobalSection(ProjectConfigurationPlatforms) = postSolution
		{8C279CBF-26F8-49C3-8E05-9234E2795FCE}.Debug|Any CPU.ActiveCfg = Debug|Any CPU
		{8C279CBF-26F8-49C3-8E05-9234E2795FCE}.Debug|Any CPU.Build.0 = Debug|Any CPU
		{8C279CBF-26F8-49C3-8E05-9234E2795FCE}.Release|Any CPU.ActiveCfg = Release|Any CPU
		{8C279CBF-26F8-49C3-8E05-9234E2795FCE}.Release|Any CPU.Build.0 = Release|Any CPU
	EndGlobalSection
	GlobalSection(SolutionProperties) = preSolution
		HideSolutionNode = FALSE
	EndGlobalSection
	GlobalSection(ExtensibilityGlobals) = postSolution
		SolutionGuid = {A5EC14C4-DBDF-42E8-A8AC-C6E8D98B82C2}
	EndGlobalSection
EndGlobal
