
Microsoft Visual Studio Solution File, Format Version 12.00
# Visual Studio Version 17
VisualStudioVersion = 17.11.35219.272
MinimumVisualStudioVersion = 10.0.40219.1
Project("{FAE04EC0-301F-11D3-BF4B-00C04F79EFBC}") = "1.understanding", "1.understanding.csproj", "{ED7DEE71-B3D8-40E6-8EC8-D8588F751BE7}"
EndProject
Global
	GlobalSection(SolutionConfigurationPlatforms) = preSolution
		Debug|Any CPU = Debug|Any CPU
		Release|Any CPU = Release|Any CPU
	EndGlobalSection
	GlobalSection(ProjectConfigurationPlatforms) = postSolution
		{ED7DEE71-B3D8-40E6-8EC8-D8588F751BE7}.Debug|Any CPU.ActiveCfg = Debug|Any CPU
		{ED7DEE71-B3D8-40E6-8EC8-D8588F751BE7}.Debug|Any CPU.Build.0 = Debug|Any CPU
		{ED7DEE71-B3D8-40E6-8EC8-D8588F751BE7}.Release|Any CPU.ActiveCfg = Release|Any CPU
		{ED7DEE71-B3D8-40E6-8EC8-D8588F751BE7}.Release|Any CPU.Build.0 = Release|Any CPU
	EndGlobalSection
	GlobalSection(SolutionProperties) = preSolution
		HideSolutionNode = FALSE
	EndGlobalSection
	GlobalSection(ExtensibilityGlobals) = postSolution
		SolutionGuid = {6049772B-63BB-4D65-BB82-663034F53678}
	EndGlobalSection
EndGlobal
